
Microsoft Visual Studio Solution File, Format Version 12.00
# Visual Studio Version 17
VisualStudioVersion = 17.3.32901.215
MinimumVisualStudioVersion = 10.0.40219.1
Project("{FAE04EC0-301F-11D3-BF4B-00C04F79EFBC}") = "AngularAuthAPI", "AngularAuthAPI\AngularAuthAPI.csproj", "{A60028D2-2A03-4421-8953-EABED34F70DB}"
EndProject
Global
	GlobalSection(SolutionConfigurationPlatforms) = preSolution
		Debug|Any CPU = Debug|Any CPU
		Release|Any CPU = Release|Any CPU
	EndGlobalSection
	GlobalSection(ProjectConfigurationPlatforms) = postSolution
		{A60028D2-2A03-4421-8953-EABED34F70DB}.Debug|Any CPU.ActiveCfg = Debug|Any CPU
		{A60028D2-2A03-4421-8953-EABED34F70DB}.Debug|Any CPU.Build.0 = Debug|Any CPU
		{A60028D2-2A03-4421-8953-EABED34F70DB}.Release|Any CPU.ActiveCfg = Release|Any CPU
		{A60028D2-2A03-4421-8953-EABED34F70DB}.Release|Any CPU.Build.0 = Release|Any CPU
	EndGlobalSection
	GlobalSection(SolutionProperties) = preSolution
		HideSolutionNode = FALSE
	EndGlobalSection
	GlobalSection(ExtensibilityGlobals) = postSolution
		SolutionGuid = {AB7ABD31-5ED2-4DD1-97DE-34939C86FCC5}
	EndGlobalSection
EndGlobal
